
Microsoft Visual Studio Solution File, Format Version 12.00
# Visual Studio 14
VisualStudioVersion = 14.0.25420.1
MinimumVisualStudioVersion = 10.0.40219.1
Project("{FAE04EC0-301F-11D3-BF4B-00C04F79EFBC}") = "ElasticScale.Client", "Src\ElasticScale.Client\ElasticScale.Client.csproj", "{663D22BB-483A-46B0-A504-861C5335DAD1}"
EndProject
Project("{FAE04EC0-301F-11D3-BF4B-00C04F79EFBC}") = "ElasticScale.ClientTestCommon", "Test\ElasticScale.ClientTestCommon\ElasticScale.ClientTestCommon.csproj", "{13200C7C-8606-47B8-A004-570B56E3A9A8}"
EndProject
Project("{FAE04EC0-301F-11D3-BF4B-00C04F79EFBC}") = "ElasticScale.Query.UnitTests", "Test\ElasticScale.Query.UnitTests\ElasticScale.Query.UnitTests.csproj", "{56DDEC7E-0B14-4636-B287-DB38DEC55192}"
EndProject
Project("{FAE04EC0-301F-11D3-BF4B-00C04F79EFBC}") = "ElasticScale.ShardManagement.LoadTests", "Test\ElasticScale.ShardManagement.LoadTests\ElasticScale.ShardManagement.LoadTests.csproj", "{6C6E8D75-DF7B-4841-A254-D0D54746B417}"
EndProject
Project("{FAE04EC0-301F-11D3-BF4B-00C04F79EFBC}") = "ElasticScale.ShardManagement.UnitTests", "Test\ElasticScale.ShardManagement.UnitTests\ElasticScale.ShardManagement.UnitTests.csproj", "{EA7DA8D7-6B11-4AF7-9C24-6FEEBDA7E188}"
EndProject
Project("{FAE04EC0-301F-11D3-BF4B-00C04F79EFBC}") = "ElasticScaleStarterKit", "Samples\ElasticScaleStarterKit\ElasticScaleStarterKit.csproj", "{115A0283-AC42-4D37-97F2-106D168E04D2}"
EndProject
Project("{FAE04EC0-301F-11D3-BF4B-00C04F79EFBC}") = "EntityFrameworkCodeFirst", "Samples\EFCodeFirst\EntityFrameworkCodeFirst.csproj", "{904469F9-427C-4B9F-A30D-B63E53BEB489}"
EndProject
Project("{FAE04EC0-301F-11D3-BF4B-00C04F79EFBC}") = "ShardSqlCmd", "Samples\ShardSqlCmd\ShardSqlCmd.csproj", "{A95C04CC-3CEE-42ED-BB17-2B9850E374FB}"
EndProject
Project("{FAE04EC0-301F-11D3-BF4B-00C04F79EFBC}") = "EntityFrameworkMultiTenant", "Samples\EFMultiTenant\EntityFrameworkMultiTenant.csproj", "{9AD1DDF3-213C-47B1-B136-733C9FFF9FD1}"
EndProject
Project("{FAE04EC0-301F-11D3-BF4B-00C04F79EFBC}") = "ElasticDapper", "Samples\Dapper\ElasticDapper.csproj", "{7B67F0A1-A5A9-477B-9B7E-FA2E16ED34DE}"
EndProject
Project("{2150E333-8FDC-42A3-9474-1A3956D46DE8}") = "Src", "Src", "{4621C430-14B7-4DD7-AAD3-D0D5AA7EF97C}"
EndProject
Project("{2150E333-8FDC-42A3-9474-1A3956D46DE8}") = "Tests", "Tests", "{42BDC946-FACC-459B-88F5-D67563D1B494}"
EndProject
Project("{2150E333-8FDC-42A3-9474-1A3956D46DE8}") = "Samples", "Samples", "{605D3CB2-1A3A-4740-9154-E047528291C7}"
EndProject
Global
	GlobalSection(SolutionConfigurationPlatforms) = preSolution
		Cover|Any CPU = Cover|Any CPU
		Debug|Any CPU = Debug|Any CPU
		Release|Any CPU = Release|Any CPU
	EndGlobalSection
	GlobalSection(ProjectConfigurationPlatforms) = postSolution
		{663D22BB-483A-46B0-A504-861C5335DAD1}.Cover|Any CPU.ActiveCfg = Release|Any CPU
		{663D22BB-483A-46B0-A504-861C5335DAD1}.Cover|Any CPU.Build.0 = Release|Any CPU
		{663D22BB-483A-46B0-A504-861C5335DAD1}.Debug|Any CPU.ActiveCfg = Debug|Any CPU
		{663D22BB-483A-46B0-A504-861C5335DAD1}.Debug|Any CPU.Build.0 = Debug|Any CPU
		{663D22BB-483A-46B0-A504-861C5335DAD1}.Release|Any CPU.ActiveCfg = Release|Any CPU
		{663D22BB-483A-46B0-A504-861C5335DAD1}.Release|Any CPU.Build.0 = Release|Any CPU
		{13200C7C-8606-47B8-A004-570B56E3A9A8}.Cover|Any CPU.ActiveCfg = Release|Any CPU
		{13200C7C-8606-47B8-A004-570B56E3A9A8}.Cover|Any CPU.Build.0 = Release|Any CPU
		{13200C7C-8606-47B8-A004-570B56E3A9A8}.Debug|Any CPU.ActiveCfg = Debug|Any CPU
		{13200C7C-8606-47B8-A004-570B56E3A9A8}.Debug|Any CPU.Build.0 = Debug|Any CPU
		{13200C7C-8606-47B8-A004-570B56E3A9A8}.Release|Any CPU.ActiveCfg = Release|Any CPU
		{13200C7C-8606-47B8-A004-570B56E3A9A8}.Release|Any CPU.Build.0 = Release|Any CPU
		{56DDEC7E-0B14-4636-B287-DB38DEC55192}.Cover|Any CPU.ActiveCfg = Release|Any CPU
		{56DDEC7E-0B14-4636-B287-DB38DEC55192}.Cover|Any CPU.Build.0 = Release|Any CPU
		{56DDEC7E-0B14-4636-B287-DB38DEC55192}.Debug|Any CPU.ActiveCfg = Debug|Any CPU
		{56DDEC7E-0B14-4636-B287-DB38DEC55192}.Debug|Any CPU.Build.0 = Debug|Any CPU
		{56DDEC7E-0B14-4636-B287-DB38DEC55192}.Release|Any CPU.ActiveCfg = Release|Any CPU
		{56DDEC7E-0B14-4636-B287-DB38DEC55192}.Release|Any CPU.Build.0 = Release|Any CPU
		{6C6E8D75-DF7B-4841-A254-D0D54746B417}.Cover|Any CPU.ActiveCfg = Release|Any CPU
		{6C6E8D75-DF7B-4841-A254-D0D54746B417}.Cover|Any CPU.Build.0 = Release|Any CPU
		{6C6E8D75-DF7B-4841-A254-D0D54746B417}.Debug|Any CPU.ActiveCfg = Debug|Any CPU
		{6C6E8D75-DF7B-4841-A254-D0D54746B417}.Debug|Any CPU.Build.0 = Debug|Any CPU
		{6C6E8D75-DF7B-4841-A254-D0D54746B417}.Release|Any CPU.ActiveCfg = Release|Any CPU
		{6C6E8D75-DF7B-4841-A254-D0D54746B417}.Release|Any CPU.Build.0 = Release|Any CPU
		{EA7DA8D7-6B11-4AF7-9C24-6FEEBDA7E188}.Cover|Any CPU.ActiveCfg = Release|Any CPU
		{EA7DA8D7-6B11-4AF7-9C24-6FEEBDA7E188}.Cover|Any CPU.Build.0 = Release|Any CPU
		{EA7DA8D7-6B11-4AF7-9C24-6FEEBDA7E188}.Debug|Any CPU.ActiveCfg = Debug|Any CPU
		{EA7DA8D7-6B11-4AF7-9C24-6FEEBDA7E188}.Debug|Any CPU.Build.0 = Debug|Any CPU
		{EA7DA8D7-6B11-4AF7-9C24-6FEEBDA7E188}.Release|Any CPU.ActiveCfg = Release|Any CPU
		{EA7DA8D7-6B11-4AF7-9C24-6FEEBDA7E188}.Release|Any CPU.Build.0 = Release|Any CPU
		{115A0283-AC42-4D37-97F2-106D168E04D2}.Cover|Any CPU.ActiveCfg = Cover|Any CPU
		{115A0283-AC42-4D37-97F2-106D168E04D2}.Cover|Any CPU.Build.0 = Cover|Any CPU
		{115A0283-AC42-4D37-97F2-106D168E04D2}.Debug|Any CPU.ActiveCfg = Debug|Any CPU
		{115A0283-AC42-4D37-97F2-106D168E04D2}.Release|Any CPU.ActiveCfg = Release|Any CPU
		{115A0283-AC42-4D37-97F2-106D168E04D2}.Release|Any CPU.Build.0 = Release|Any CPU
		{904469F9-427C-4B9F-A30D-B63E53BEB489}.Cover|Any CPU.ActiveCfg = Cover|Any CPU
		{904469F9-427C-4B9F-A30D-B63E53BEB489}.Cover|Any CPU.Build.0 = Cover|Any CPU
		{904469F9-427C-4B9F-A30D-B63E53BEB489}.Debug|Any CPU.ActiveCfg = Debug|Any CPU
		{904469F9-427C-4B9F-A30D-B63E53BEB489}.Release|Any CPU.ActiveCfg = Release|Any CPU
		{904469F9-427C-4B9F-A30D-B63E53BEB489}.Release|Any CPU.Build.0 = Release|Any CPU
		{A95C04CC-3CEE-42ED-BB17-2B9850E374FB}.Cover|Any CPU.ActiveCfg = Cover|Any CPU
		{A95C04CC-3CEE-42ED-BB17-2B9850E374FB}.Cover|Any CPU.Build.0 = Cover|Any CPU
		{A95C04CC-3CEE-42ED-BB17-2B9850E374FB}.Debug|Any CPU.ActiveCfg = Debug|Any CPU
		{A95C04CC-3CEE-42ED-BB17-2B9850E374FB}.Release|Any CPU.ActiveCfg = Release|Any CPU
		{A95C04CC-3CEE-42ED-BB17-2B9850E374FB}.Release|Any CPU.Build.0 = Release|Any CPU
		{9AD1DDF3-213C-47B1-B136-733C9FFF9FD1}.Cover|Any CPU.ActiveCfg = Cover|Any CPU
		{9AD1DDF3-213C-47B1-B136-733C9FFF9FD1}.Cover|Any CPU.Build.0 = Cover|Any CPU
		{9AD1DDF3-213C-47B1-B136-733C9FFF9FD1}.Debug|Any CPU.ActiveCfg = Debug|Any CPU
		{9AD1DDF3-213C-47B1-B136-733C9FFF9FD1}.Release|Any CPU.ActiveCfg = Release|Any CPU
		{9AD1DDF3-213C-47B1-B136-733C9FFF9FD1}.Release|Any CPU.Build.0 = Release|Any CPU
		{7B67F0A1-A5A9-477B-9B7E-FA2E16ED34DE}.Cover|Any CPU.ActiveCfg = Cover|Any CPU
		{7B67F0A1-A5A9-477B-9B7E-FA2E16ED34DE}.Cover|Any CPU.Build.0 = Cover|Any CPU
		{7B67F0A1-A5A9-477B-9B7E-FA2E16ED34DE}.Debug|Any CPU.ActiveCfg = Debug|Any CPU
		{7B67F0A1-A5A9-477B-9B7E-FA2E16ED34DE}.Release|Any CPU.ActiveCfg = Release|Any CPU
		{7B67F0A1-A5A9-477B-9B7E-FA2E16ED34DE}.Release|Any CPU.Build.0 = Release|Any CPU
	EndGlobalSection
	GlobalSection(SolutionProperties) = preSolution
		HideSolutionNode = FALSE
	EndGlobalSection
	GlobalSection(NestedProjects) = preSolution
		{663D22BB-483A-46B0-A504-861C5335DAD1} = {4621C430-14B7-4DD7-AAD3-D0D5AA7EF97C}
		{13200C7C-8606-47B8-A004-570B56E3A9A8} = {42BDC946-FACC-459B-88F5-D67563D1B494}
		{56DDEC7E-0B14-4636-B287-DB38DEC55192} = {42BDC946-FACC-459B-88F5-D67563D1B494}
		{6C6E8D75-DF7B-4841-A254-D0D54746B417} = {42BDC946-FACC-459B-88F5-D67563D1B494}
		{EA7DA8D7-6B11-4AF7-9C24-6FEEBDA7E188} = {42BDC946-FACC-459B-88F5-D67563D1B494}
		{115A0283-AC42-4D37-97F2-106D168E04D2} = {605D3CB2-1A3A-4740-9154-E047528291C7}
		{904469F9-427C-4B9F-A30D-B63E53BEB489} = {605D3CB2-1A3A-4740-9154-E047528291C7}
		{A95C04CC-3CEE-42ED-BB17-2B9850E374FB} = {605D3CB2-1A3A-4740-9154-E047528291C7}
		{9AD1DDF3-213C-47B1-B136-733C9FFF9FD1} = {605D3CB2-1A3A-4740-9154-E047528291C7}
		{7B67F0A1-A5A9-477B-9B7E-FA2E16ED34DE} = {605D3CB2-1A3A-4740-9154-E047528291C7}
	EndGlobalSection
EndGlobal
