
Microsoft Visual Studio Solution File, Format Version 12.00
# Visual Studio 15
VisualStudioVersion = 15.0.26730.10
MinimumVisualStudioVersion = 10.0.40219.1
Project("{9A19103F-16F7-4668-BE54-9A1E7A4F7556}") = "Microsoft.Azure.SqlDatabase.ElasticScale.Client", "Src\ElasticScale.Client\Microsoft.Azure.SqlDatabase.ElasticScale.Client.csproj", "{4C3B3EC4-5702-469E-800E-313FB27A0A2B}"
EndProject
Project("{9A19103F-16F7-4668-BE54-9A1E7A4F7556}") = "Microsoft.Azure.SqlDatabase.ElasticScale.ClientTestCommon", "Test\ElasticScale.ClientTestCommon\Microsoft.Azure.SqlDatabase.ElasticScale.ClientTestCommon.csproj", "{9336E9E7-19BF-49AC-92E3-19FA6B98921E}"
EndProject
Project("{9A19103F-16F7-4668-BE54-9A1E7A4F7556}") = "Microsoft.Azure.SqlDatabase.ElasticScale.ShardManagement.UnitTests", "Test\ElasticScale.ShardManagement.UnitTests\Microsoft.Azure.SqlDatabase.ElasticScale.ShardManagement.UnitTests.csproj", "{BEA6F911-BA98-462C-99AF-3B0595DE2307}"
EndProject
Project("{9A19103F-16F7-4668-BE54-9A1E7A4F7556}") = "Microsoft.Azure.SqlDatabase.ElasticScale.Query.UnitTests", "Test\ElasticScale.Query.UnitTests\Microsoft.Azure.SqlDatabase.ElasticScale.Query.UnitTests.csproj", "{74CEE77F-D2C7-4B8B-9411-8F97F4E803FA}"
EndProject
Project("{FAE04EC0-301F-11D3-BF4B-00C04F79EFBC}") = "ElasticScaleStarterKit", "Samples\ElasticScaleStarterKit\ElasticScaleStarterKit.csproj", "{115A0283-AC42-4D37-97F2-106D168E04D2}"
EndProject
Project("{9A19103F-16F7-4668-BE54-9A1E7A4F7556}") = "EntityFrameworkMultiTenant", "Samples\EFMultiTenant\EntityFrameworkMultiTenant.csproj", "{BC17F3EF-FEB4-4186-9342-E2D18F1E56AB}"
EndProject
Project("{9A19103F-16F7-4668-BE54-9A1E7A4F7556}") = "EntityFrameworkCodeFirst", "Samples\EFCodeFirst\EntityFrameworkCodeFirst.csproj", "{8EB66613-D5A2-4683-B91A-6AF904FD6B70}"
EndProject
Project("{9A19103F-16F7-4668-BE54-9A1E7A4F7556}") = "ElasticDapper", "Samples\Dapper\ElasticDapper.csproj", "{AC76C04B-881E-4CB9-B491-4D19B68459F1}"
EndProject
Project("{9A19103F-16F7-4668-BE54-9A1E7A4F7556}") = "ShardSqlCmd", "Samples\ShardSqlCmd\ShardSqlCmd.csproj", "{B210D6E5-7171-4117-9C77-3F2CB59D04D8}"
EndProject
Global
	GlobalSection(SolutionConfigurationPlatforms) = preSolution
		Cover|Any CPU = Cover|Any CPU
		Cover|x86 = Cover|x86
		Debug|Any CPU = Debug|Any CPU
		Debug|x86 = Debug|x86
		Release|Any CPU = Release|Any CPU
		Release|x86 = Release|x86
	EndGlobalSection
	GlobalSection(ProjectConfigurationPlatforms) = postSolution
		{4C3B3EC4-5702-469E-800E-313FB27A0A2B}.Cover|Any CPU.ActiveCfg = Debug|Any CPU
		{4C3B3EC4-5702-469E-800E-313FB27A0A2B}.Cover|Any CPU.Build.0 = Debug|Any CPU
		{4C3B3EC4-5702-469E-800E-313FB27A0A2B}.Cover|x86.ActiveCfg = Release|Any CPU
		{4C3B3EC4-5702-469E-800E-313FB27A0A2B}.Cover|x86.Build.0 = Release|Any CPU
		{4C3B3EC4-5702-469E-800E-313FB27A0A2B}.Debug|Any CPU.ActiveCfg = Debug|Any CPU
		{4C3B3EC4-5702-469E-800E-313FB27A0A2B}.Debug|Any CPU.Build.0 = Debug|Any CPU
		{4C3B3EC4-5702-469E-800E-313FB27A0A2B}.Debug|x86.ActiveCfg = Debug|Any CPU
		{4C3B3EC4-5702-469E-800E-313FB27A0A2B}.Debug|x86.Build.0 = Debug|Any CPU
		{4C3B3EC4-5702-469E-800E-313FB27A0A2B}.Release|Any CPU.ActiveCfg = Release|Any CPU
		{4C3B3EC4-5702-469E-800E-313FB27A0A2B}.Release|Any CPU.Build.0 = Release|Any CPU
		{4C3B3EC4-5702-469E-800E-313FB27A0A2B}.Release|x86.ActiveCfg = Release|Any CPU
		{4C3B3EC4-5702-469E-800E-313FB27A0A2B}.Release|x86.Build.0 = Release|Any CPU
		{9336E9E7-19BF-49AC-92E3-19FA6B98921E}.Cover|Any CPU.ActiveCfg = Debug|Any CPU
		{9336E9E7-19BF-49AC-92E3-19FA6B98921E}.Cover|Any CPU.Build.0 = Debug|Any CPU
		{9336E9E7-19BF-49AC-92E3-19FA6B98921E}.Cover|x86.ActiveCfg = Release|Any CPU
		{9336E9E7-19BF-49AC-92E3-19FA6B98921E}.Cover|x86.Build.0 = Release|Any CPU
		{9336E9E7-19BF-49AC-92E3-19FA6B98921E}.Debug|Any CPU.ActiveCfg = Debug|Any CPU
		{9336E9E7-19BF-49AC-92E3-19FA6B98921E}.Debug|Any CPU.Build.0 = Debug|Any CPU
		{9336E9E7-19BF-49AC-92E3-19FA6B98921E}.Debug|x86.ActiveCfg = Debug|Any CPU
		{9336E9E7-19BF-49AC-92E3-19FA6B98921E}.Debug|x86.Build.0 = Debug|Any CPU
		{9336E9E7-19BF-49AC-92E3-19FA6B98921E}.Release|Any CPU.ActiveCfg = Release|Any CPU
		{9336E9E7-19BF-49AC-92E3-19FA6B98921E}.Release|Any CPU.Build.0 = Release|Any CPU
		{9336E9E7-19BF-49AC-92E3-19FA6B98921E}.Release|x86.ActiveCfg = Release|Any CPU
		{9336E9E7-19BF-49AC-92E3-19FA6B98921E}.Release|x86.Build.0 = Release|Any CPU
		{BEA6F911-BA98-462C-99AF-3B0595DE2307}.Cover|Any CPU.ActiveCfg = Debug|Any CPU
		{BEA6F911-BA98-462C-99AF-3B0595DE2307}.Cover|Any CPU.Build.0 = Debug|Any CPU
		{BEA6F911-BA98-462C-99AF-3B0595DE2307}.Cover|x86.ActiveCfg = Release|Any CPU
		{BEA6F911-BA98-462C-99AF-3B0595DE2307}.Cover|x86.Build.0 = Release|Any CPU
		{BEA6F911-BA98-462C-99AF-3B0595DE2307}.Debug|Any CPU.ActiveCfg = Debug|Any CPU
		{BEA6F911-BA98-462C-99AF-3B0595DE2307}.Debug|Any CPU.Build.0 = Debug|Any CPU
		{BEA6F911-BA98-462C-99AF-3B0595DE2307}.Debug|x86.ActiveCfg = Debug|Any CPU
		{BEA6F911-BA98-462C-99AF-3B0595DE2307}.Debug|x86.Build.0 = Debug|Any CPU
		{BEA6F911-BA98-462C-99AF-3B0595DE2307}.Release|Any CPU.ActiveCfg = Release|Any CPU
		{BEA6F911-BA98-462C-99AF-3B0595DE2307}.Release|Any CPU.Build.0 = Release|Any CPU
		{BEA6F911-BA98-462C-99AF-3B0595DE2307}.Release|x86.ActiveCfg = Release|Any CPU
		{BEA6F911-BA98-462C-99AF-3B0595DE2307}.Release|x86.Build.0 = Release|Any CPU
		{74CEE77F-D2C7-4B8B-9411-8F97F4E803FA}.Cover|Any CPU.ActiveCfg = Debug|Any CPU
		{74CEE77F-D2C7-4B8B-9411-8F97F4E803FA}.Cover|Any CPU.Build.0 = Debug|Any CPU
		{74CEE77F-D2C7-4B8B-9411-8F97F4E803FA}.Cover|x86.ActiveCfg = Release|Any CPU
		{74CEE77F-D2C7-4B8B-9411-8F97F4E803FA}.Cover|x86.Build.0 = Release|Any CPU
		{74CEE77F-D2C7-4B8B-9411-8F97F4E803FA}.Debug|Any CPU.ActiveCfg = Debug|Any CPU
		{74CEE77F-D2C7-4B8B-9411-8F97F4E803FA}.Debug|Any CPU.Build.0 = Debug|Any CPU
		{74CEE77F-D2C7-4B8B-9411-8F97F4E803FA}.Debug|x86.ActiveCfg = Debug|Any CPU
		{74CEE77F-D2C7-4B8B-9411-8F97F4E803FA}.Debug|x86.Build.0 = Debug|Any CPU
		{74CEE77F-D2C7-4B8B-9411-8F97F4E803FA}.Release|Any CPU.ActiveCfg = Release|Any CPU
		{74CEE77F-D2C7-4B8B-9411-8F97F4E803FA}.Release|Any CPU.Build.0 = Release|Any CPU
		{74CEE77F-D2C7-4B8B-9411-8F97F4E803FA}.Release|x86.ActiveCfg = Release|Any CPU
		{74CEE77F-D2C7-4B8B-9411-8F97F4E803FA}.Release|x86.Build.0 = Release|Any CPU
		{115A0283-AC42-4D37-97F2-106D168E04D2}.Cover|Any CPU.ActiveCfg = Debug|Any CPU
		{115A0283-AC42-4D37-97F2-106D168E04D2}.Cover|Any CPU.Build.0 = Debug|Any CPU
		{115A0283-AC42-4D37-97F2-106D168E04D2}.Cover|x86.ActiveCfg = Debug|Any CPU
		{115A0283-AC42-4D37-97F2-106D168E04D2}.Cover|x86.Build.0 = Debug|Any CPU
		{115A0283-AC42-4D37-97F2-106D168E04D2}.Debug|Any CPU.ActiveCfg = Debug|Any CPU
		{115A0283-AC42-4D37-97F2-106D168E04D2}.Debug|Any CPU.Build.0 = Debug|Any CPU
		{115A0283-AC42-4D37-97F2-106D168E04D2}.Debug|x86.ActiveCfg = Debug|Any CPU
		{115A0283-AC42-4D37-97F2-106D168E04D2}.Debug|x86.Build.0 = Debug|Any CPU
		{115A0283-AC42-4D37-97F2-106D168E04D2}.Release|Any CPU.ActiveCfg = Release|Any CPU
		{115A0283-AC42-4D37-97F2-106D168E04D2}.Release|Any CPU.Build.0 = Release|Any CPU
		{115A0283-AC42-4D37-97F2-106D168E04D2}.Release|x86.ActiveCfg = Release|Any CPU
		{115A0283-AC42-4D37-97F2-106D168E04D2}.Release|x86.Build.0 = Release|Any CPU
		{BC17F3EF-FEB4-4186-9342-E2D18F1E56AB}.Cover|Any CPU.ActiveCfg = Debug|Any CPU
		{BC17F3EF-FEB4-4186-9342-E2D18F1E56AB}.Cover|Any CPU.Build.0 = Debug|Any CPU
		{BC17F3EF-FEB4-4186-9342-E2D18F1E56AB}.Cover|x86.ActiveCfg = Debug|Any CPU
		{BC17F3EF-FEB4-4186-9342-E2D18F1E56AB}.Cover|x86.Build.0 = Debug|Any CPU
		{BC17F3EF-FEB4-4186-9342-E2D18F1E56AB}.Debug|Any CPU.ActiveCfg = Debug|Any CPU
		{BC17F3EF-FEB4-4186-9342-E2D18F1E56AB}.Debug|Any CPU.Build.0 = Debug|Any CPU
		{BC17F3EF-FEB4-4186-9342-E2D18F1E56AB}.Debug|x86.ActiveCfg = Debug|Any CPU
		{BC17F3EF-FEB4-4186-9342-E2D18F1E56AB}.Debug|x86.Build.0 = Debug|Any CPU
		{BC17F3EF-FEB4-4186-9342-E2D18F1E56AB}.Release|Any CPU.ActiveCfg = Release|Any CPU
		{BC17F3EF-FEB4-4186-9342-E2D18F1E56AB}.Release|Any CPU.Build.0 = Release|Any CPU
		{BC17F3EF-FEB4-4186-9342-E2D18F1E56AB}.Release|x86.ActiveCfg = Release|Any CPU
		{BC17F3EF-FEB4-4186-9342-E2D18F1E56AB}.Release|x86.Build.0 = Release|Any CPU
		{8EB66613-D5A2-4683-B91A-6AF904FD6B70}.Cover|Any CPU.ActiveCfg = Debug|Any CPU
		{8EB66613-D5A2-4683-B91A-6AF904FD6B70}.Cover|Any CPU.Build.0 = Debug|Any CPU
		{8EB66613-D5A2-4683-B91A-6AF904FD6B70}.Cover|x86.ActiveCfg = Debug|Any CPU
		{8EB66613-D5A2-4683-B91A-6AF904FD6B70}.Cover|x86.Build.0 = Debug|Any CPU
		{8EB66613-D5A2-4683-B91A-6AF904FD6B70}.Debug|Any CPU.ActiveCfg = Debug|Any CPU
		{8EB66613-D5A2-4683-B91A-6AF904FD6B70}.Debug|Any CPU.Build.0 = Debug|Any CPU
		{8EB66613-D5A2-4683-B91A-6AF904FD6B70}.Debug|x86.ActiveCfg = Debug|Any CPU
		{8EB66613-D5A2-4683-B91A-6AF904FD6B70}.Debug|x86.Build.0 = Debug|Any CPU
		{8EB66613-D5A2-4683-B91A-6AF904FD6B70}.Release|Any CPU.ActiveCfg = Release|Any CPU
		{8EB66613-D5A2-4683-B91A-6AF904FD6B70}.Release|Any CPU.Build.0 = Release|Any CPU
		{8EB66613-D5A2-4683-B91A-6AF904FD6B70}.Release|x86.ActiveCfg = Release|Any CPU
		{8EB66613-D5A2-4683-B91A-6AF904FD6B70}.Release|x86.Build.0 = Release|Any CPU
		{AC76C04B-881E-4CB9-B491-4D19B68459F1}.Cover|Any CPU.ActiveCfg = Debug|Any CPU
		{AC76C04B-881E-4CB9-B491-4D19B68459F1}.Cover|Any CPU.Build.0 = Debug|Any CPU
		{AC76C04B-881E-4CB9-B491-4D19B68459F1}.Cover|x86.ActiveCfg = Debug|Any CPU
		{AC76C04B-881E-4CB9-B491-4D19B68459F1}.Cover|x86.Build.0 = Debug|Any CPU
		{AC76C04B-881E-4CB9-B491-4D19B68459F1}.Debug|Any CPU.ActiveCfg = Debug|Any CPU
		{AC76C04B-881E-4CB9-B491-4D19B68459F1}.Debug|Any CPU.Build.0 = Debug|Any CPU
		{AC76C04B-881E-4CB9-B491-4D19B68459F1}.Debug|x86.ActiveCfg = Debug|Any CPU
		{AC76C04B-881E-4CB9-B491-4D19B68459F1}.Debug|x86.Build.0 = Debug|Any CPU
		{AC76C04B-881E-4CB9-B491-4D19B68459F1}.Release|Any CPU.ActiveCfg = Release|Any CPU
		{AC76C04B-881E-4CB9-B491-4D19B68459F1}.Release|Any CPU.Build.0 = Release|Any CPU
		{AC76C04B-881E-4CB9-B491-4D19B68459F1}.Release|x86.ActiveCfg = Release|Any CPU
		{AC76C04B-881E-4CB9-B491-4D19B68459F1}.Release|x86.Build.0 = Release|Any CPU
		{B210D6E5-7171-4117-9C77-3F2CB59D04D8}.Cover|Any CPU.ActiveCfg = Debug|Any CPU
		{B210D6E5-7171-4117-9C77-3F2CB59D04D8}.Cover|Any CPU.Build.0 = Debug|Any CPU
		{B210D6E5-7171-4117-9C77-3F2CB59D04D8}.Cover|x86.ActiveCfg = Debug|Any CPU
		{B210D6E5-7171-4117-9C77-3F2CB59D04D8}.Cover|x86.Build.0 = Debug|Any CPU
		{B210D6E5-7171-4117-9C77-3F2CB59D04D8}.Debug|Any CPU.ActiveCfg = Debug|Any CPU
		{B210D6E5-7171-4117-9C77-3F2CB59D04D8}.Debug|Any CPU.Build.0 = Debug|Any CPU
		{B210D6E5-7171-4117-9C77-3F2CB59D04D8}.Debug|x86.ActiveCfg = Debug|Any CPU
		{B210D6E5-7171-4117-9C77-3F2CB59D04D8}.Debug|x86.Build.0 = Debug|Any CPU
		{B210D6E5-7171-4117-9C77-3F2CB59D04D8}.Release|Any CPU.ActiveCfg = Release|Any CPU
		{B210D6E5-7171-4117-9C77-3F2CB59D04D8}.Release|Any CPU.Build.0 = Release|Any CPU
		{B210D6E5-7171-4117-9C77-3F2CB59D04D8}.Release|x86.ActiveCfg = Release|Any CPU
		{B210D6E5-7171-4117-9C77-3F2CB59D04D8}.Release|x86.Build.0 = Release|Any CPU
	EndGlobalSection
	GlobalSection(SolutionProperties) = preSolution
		HideSolutionNode = FALSE
	EndGlobalSection
	GlobalSection(ExtensibilityGlobals) = postSolution
		SolutionGuid = {24237160-521B-4CD0-87AB-8994A5E50BE2}
	EndGlobalSection
EndGlobal
